
Microsoft Visual Studio Solution File, Format Version 12.00
# Visual Studio 15
VisualStudioVersion = 15.0.26730.16
MinimumVisualStudioVersion = 10.0.40219.1
Project("{FAE04EC0-301F-11D3-BF4B-00C04F79EFBC}") = "SimpleClass", "SimpleClass\SimpleClass.csproj", "{8BDB35B3-12C6-4355-91C6-37A6DB9EB94F}"
EndProject
Global
	GlobalSection(SolutionConfigurationPlatforms) = preSolution
		Debug|Any CPU = Debug|Any CPU
		Release|Any CPU = Release|Any CPU
	EndGlobalSection
	GlobalSection(ProjectConfigurationPlatforms) = postSolution
		{8BDB35B3-12C6-4355-91C6-37A6DB9EB94F}.Debug|Any CPU.ActiveCfg = Debug|Any CPU
		{8BDB35B3-12C6-4355-91C6-37A6DB9EB94F}.Debug|Any CPU.Build.0 = Debug|Any CPU
		{8BDB35B3-12C6-4355-91C6-37A6DB9EB94F}.Release|Any CPU.ActiveCfg = Release|Any CPU
		{8BDB35B3-12C6-4355-91C6-37A6DB9EB94F}.Release|Any CPU.Build.0 = Release|Any CPU
	EndGlobalSection
	GlobalSection(SolutionProperties) = preSolution
		HideSolutionNode = FALSE
	EndGlobalSection
	GlobalSection(ExtensibilityGlobals) = postSolution
		SolutionGuid = {5F42D571-AC85-4FD2-A3F4-CF2EE16118FA}
	EndGlobalSection
EndGlobal
