
Microsoft Visual Studio Solution File, Format Version 12.00
# Visual Studio Version 16
VisualStudioVersion = 16.0.31205.134
MinimumVisualStudioVersion = 10.0.40219.1
Project("{FAE04EC0-301F-11D3-BF4B-00C04F79EFBC}") = "ClassesAggregationCards", "ClassesAggregationCards\ClassesAggregationCards.csproj", "{7475C442-7218-4317-A24B-4A2D3BAAA428}"
EndProject
Project("{FAE04EC0-301F-11D3-BF4B-00C04F79EFBC}") = "ClassesAggregationCardsTests", "ClassesAggregationCardsTests\ClassesAggregationCardsTests.csproj", "{336E7C96-3974-44C8-B6C5-F4E042D590DD}"
EndProject
Global
	GlobalSection(SolutionConfigurationPlatforms) = preSolution
		Debug|Any CPU = Debug|Any CPU
		Release|Any CPU = Release|Any CPU
	EndGlobalSection
	GlobalSection(ProjectConfigurationPlatforms) = postSolution
		{7475C442-7218-4317-A24B-4A2D3BAAA428}.Debug|Any CPU.ActiveCfg = Debug|Any CPU
		{7475C442-7218-4317-A24B-4A2D3BAAA428}.Debug|Any CPU.Build.0 = Debug|Any CPU
		{7475C442-7218-4317-A24B-4A2D3BAAA428}.Release|Any CPU.ActiveCfg = Release|Any CPU
		{7475C442-7218-4317-A24B-4A2D3BAAA428}.Release|Any CPU.Build.0 = Release|Any CPU
		{336E7C96-3974-44C8-B6C5-F4E042D590DD}.Debug|Any CPU.ActiveCfg = Debug|Any CPU
		{336E7C96-3974-44C8-B6C5-F4E042D590DD}.Debug|Any CPU.Build.0 = Debug|Any CPU
		{336E7C96-3974-44C8-B6C5-F4E042D590DD}.Release|Any CPU.ActiveCfg = Release|Any CPU
		{336E7C96-3974-44C8-B6C5-F4E042D590DD}.Release|Any CPU.Build.0 = Release|Any CPU
	EndGlobalSection
	GlobalSection(SolutionProperties) = preSolution
		HideSolutionNode = FALSE
	EndGlobalSection
	GlobalSection(ExtensibilityGlobals) = postSolution
		SolutionGuid = {D74B440D-6E9E-4C6F-A55F-5B5A76789682}
	EndGlobalSection
EndGlobal
