
Microsoft Visual Studio Solution File, Format Version 12.00
# Visual Studio Version 16
VisualStudioVersion = 16.0.31205.134
MinimumVisualStudioVersion = 10.0.40219.1
Project("{8BC9CEB8-8B4A-11D0-8D11-00A0C91BC942}") = "ParenthesisCheck", "ParenthesisCheck\ParenthesisCheck.vcxproj", "{4D2836E6-7D6A-4EFA-8371-5CD8FAB9F584}"
EndProject
Project("{8BC9CEB8-8B4A-11D0-8D11-00A0C91BC942}") = "StackUsingQueue", "StackUsingQueue\StackUsingQueue.vcxproj", "{F1C1F32F-9747-47E5-A7BD-39937FCAD9E2}"
EndProject
Project("{8BC9CEB8-8B4A-11D0-8D11-00A0C91BC942}") = "findNextLargestInt", "findNextLargestInt\findNextLargestInt.vcxproj", "{8FF16DD2-1232-4CA8-B104-7604C68C5EDE}"
EndProject
Project("{8BC9CEB8-8B4A-11D0-8D11-00A0C91BC942}") = "ClassInheritance", "ClassInheritance\ClassInheritance.vcxproj", "{B18A4299-1B3F-46AF-9E98-7C2EE5C28BED}"
EndProject
Project("{8BC9CEB8-8B4A-11D0-8D11-00A0C91BC942}") = "RecursiveDeleteLL", "RecursiveDeleteLL\RecursiveDeleteLL.vcxproj", "{0F187C2E-238E-40DB-936E-236219DC91C5}"
EndProject
Project("{8BC9CEB8-8B4A-11D0-8D11-00A0C91BC942}") = "maxRecursion", "maxRecursion\maxRecursion.vcxproj", "{C4E22330-A1A0-47CA-9C4A-95056248C505}"
EndProject
Project("{8BC9CEB8-8B4A-11D0-8D11-00A0C91BC942}") = "MoveLetterToEndRecursion", "MoveLetterToEnd\MoveLetterToEnd.vcxproj", "{13D3A198-B743-4F20-9121-76739392F94D}"
EndProject
Project("{8BC9CEB8-8B4A-11D0-8D11-00A0C91BC942}") = "sumOfDigitsRecursion", "sumOfDigitsRecursion\sumOfDigitsRecursion.vcxproj", "{362A56A7-50D7-4477-8514-C79091EA1BC6}"
EndProject
Project("{8BC9CEB8-8B4A-11D0-8D11-00A0C91BC942}") = "pallindromeRecursion", "pallendromeRecursion\pallendromeRecursion.vcxproj", "{E998A047-1293-4D60-846F-5C6EF86E7FC4}"
EndProject
Global
	GlobalSection(SolutionConfigurationPlatforms) = preSolution
		Debug|x64 = Debug|x64
		Debug|x86 = Debug|x86
		Release|x64 = Release|x64
		Release|x86 = Release|x86
	EndGlobalSection
	GlobalSection(ProjectConfigurationPlatforms) = postSolution
		{4D2836E6-7D6A-4EFA-8371-5CD8FAB9F584}.Debug|x64.ActiveCfg = Debug|x64
		{4D2836E6-7D6A-4EFA-8371-5CD8FAB9F584}.Debug|x64.Build.0 = Debug|x64
		{4D2836E6-7D6A-4EFA-8371-5CD8FAB9F584}.Debug|x86.ActiveCfg = Debug|Win32
		{4D2836E6-7D6A-4EFA-8371-5CD8FAB9F584}.Debug|x86.Build.0 = Debug|Win32
		{4D2836E6-7D6A-4EFA-8371-5CD8FAB9F584}.Release|x64.ActiveCfg = Release|x64
		{4D2836E6-7D6A-4EFA-8371-5CD8FAB9F584}.Release|x64.Build.0 = Release|x64
		{4D2836E6-7D6A-4EFA-8371-5CD8FAB9F584}.Release|x86.ActiveCfg = Release|Win32
		{4D2836E6-7D6A-4EFA-8371-5CD8FAB9F584}.Release|x86.Build.0 = Release|Win32
		{F1C1F32F-9747-47E5-A7BD-39937FCAD9E2}.Debug|x64.ActiveCfg = Debug|x64
		{F1C1F32F-9747-47E5-A7BD-39937FCAD9E2}.Debug|x64.Build.0 = Debug|x64
		{F1C1F32F-9747-47E5-A7BD-39937FCAD9E2}.Debug|x86.ActiveCfg = Debug|Win32
		{F1C1F32F-9747-47E5-A7BD-39937FCAD9E2}.Debug|x86.Build.0 = Debug|Win32
		{F1C1F32F-9747-47E5-A7BD-39937FCAD9E2}.Release|x64.ActiveCfg = Release|x64
		{F1C1F32F-9747-47E5-A7BD-39937FCAD9E2}.Release|x64.Build.0 = Release|x64
		{F1C1F32F-9747-47E5-A7BD-39937FCAD9E2}.Release|x86.ActiveCfg = Release|Win32
		{F1C1F32F-9747-47E5-A7BD-39937FCAD9E2}.Release|x86.Build.0 = Release|Win32
		{8FF16DD2-1232-4CA8-B104-7604C68C5EDE}.Debug|x64.ActiveCfg = Debug|x64
		{8FF16DD2-1232-4CA8-B104-7604C68C5EDE}.Debug|x64.Build.0 = Debug|x64
		{8FF16DD2-1232-4CA8-B104-7604C68C5EDE}.Debug|x86.ActiveCfg = Debug|Win32
		{8FF16DD2-1232-4CA8-B104-7604C68C5EDE}.Debug|x86.Build.0 = Debug|Win32
		{8FF16DD2-1232-4CA8-B104-7604C68C5EDE}.Release|x64.ActiveCfg = Release|x64
		{8FF16DD2-1232-4CA8-B104-7604C68C5EDE}.Release|x64.Build.0 = Release|x64
		{8FF16DD2-1232-4CA8-B104-7604C68C5EDE}.Release|x86.ActiveCfg = Release|Win32
		{8FF16DD2-1232-4CA8-B104-7604C68C5EDE}.Release|x86.Build.0 = Release|Win32
		{B18A4299-1B3F-46AF-9E98-7C2EE5C28BED}.Debug|x64.ActiveCfg = Debug|x64
		{B18A4299-1B3F-46AF-9E98-7C2EE5C28BED}.Debug|x64.Build.0 = Debug|x64
		{B18A4299-1B3F-46AF-9E98-7C2EE5C28BED}.Debug|x86.ActiveCfg = Debug|Win32
		{B18A4299-1B3F-46AF-9E98-7C2EE5C28BED}.Debug|x86.Build.0 = Debug|Win32
		{B18A4299-1B3F-46AF-9E98-7C2EE5C28BED}.Release|x64.ActiveCfg = Release|x64
		{B18A4299-1B3F-46AF-9E98-7C2EE5C28BED}.Release|x64.Build.0 = Release|x64
		{B18A4299-1B3F-46AF-9E98-7C2EE5C28BED}.Release|x86.ActiveCfg = Release|Win32
		{B18A4299-1B3F-46AF-9E98-7C2EE5C28BED}.Release|x86.Build.0 = Release|Win32
		{0F187C2E-238E-40DB-936E-236219DC91C5}.Debug|x64.ActiveCfg = Debug|x64
		{0F187C2E-238E-40DB-936E-236219DC91C5}.Debug|x64.Build.0 = Debug|x64
		{0F187C2E-238E-40DB-936E-236219DC91C5}.Debug|x86.ActiveCfg = Debug|Win32
		{0F187C2E-238E-40DB-936E-236219DC91C5}.Debug|x86.Build.0 = Debug|Win32
		{0F187C2E-238E-40DB-936E-236219DC91C5}.Release|x64.ActiveCfg = Release|x64
		{0F187C2E-238E-40DB-936E-236219DC91C5}.Release|x64.Build.0 = Release|x64
		{0F187C2E-238E-40DB-936E-236219DC91C5}.Release|x86.ActiveCfg = Release|Win32
		{0F187C2E-238E-40DB-936E-236219DC91C5}.Release|x86.Build.0 = Release|Win32
		{C4E22330-A1A0-47CA-9C4A-95056248C505}.Debug|x64.ActiveCfg = Debug|x64
		{C4E22330-A1A0-47CA-9C4A-95056248C505}.Debug|x64.Build.0 = Debug|x64
		{C4E22330-A1A0-47CA-9C4A-95056248C505}.Debug|x86.ActiveCfg = Debug|Win32
		{C4E22330-A1A0-47CA-9C4A-95056248C505}.Debug|x86.Build.0 = Debug|Win32
		{C4E22330-A1A0-47CA-9C4A-95056248C505}.Release|x64.ActiveCfg = Release|x64
		{C4E22330-A1A0-47CA-9C4A-95056248C505}.Release|x64.Build.0 = Release|x64
		{C4E22330-A1A0-47CA-9C4A-95056248C505}.Release|x86.ActiveCfg = Release|Win32
		{C4E22330-A1A0-47CA-9C4A-95056248C505}.Release|x86.Build.0 = Release|Win32
		{13D3A198-B743-4F20-9121-76739392F94D}.Debug|x64.ActiveCfg = Debug|x64
		{13D3A198-B743-4F20-9121-76739392F94D}.Debug|x64.Build.0 = Debug|x64
		{13D3A198-B743-4F20-9121-76739392F94D}.Debug|x86.ActiveCfg = Debug|Win32
		{13D3A198-B743-4F20-9121-76739392F94D}.Debug|x86.Build.0 = Debug|Win32
		{13D3A198-B743-4F20-9121-76739392F94D}.Release|x64.ActiveCfg = Release|x64
		{13D3A198-B743-4F20-9121-76739392F94D}.Release|x64.Build.0 = Release|x64
		{13D3A198-B743-4F20-9121-76739392F94D}.Release|x86.ActiveCfg = Release|Win32
		{13D3A198-B743-4F20-9121-76739392F94D}.Release|x86.Build.0 = Release|Win32
		{362A56A7-50D7-4477-8514-C79091EA1BC6}.Debug|x64.ActiveCfg = Debug|x64
		{362A56A7-50D7-4477-8514-C79091EA1BC6}.Debug|x64.Build.0 = Debug|x64
		{362A56A7-50D7-4477-8514-C79091EA1BC6}.Debug|x86.ActiveCfg = Debug|Win32
		{362A56A7-50D7-4477-8514-C79091EA1BC6}.Debug|x86.Build.0 = Debug|Win32
		{362A56A7-50D7-4477-8514-C79091EA1BC6}.Release|x64.ActiveCfg = Release|x64
		{362A56A7-50D7-4477-8514-C79091EA1BC6}.Release|x64.Build.0 = Release|x64
		{362A56A7-50D7-4477-8514-C79091EA1BC6}.Release|x86.ActiveCfg = Release|Win32
		{362A56A7-50D7-4477-8514-C79091EA1BC6}.Release|x86.Build.0 = Release|Win32
		{E998A047-1293-4D60-846F-5C6EF86E7FC4}.Debug|x64.ActiveCfg = Debug|x64
		{E998A047-1293-4D60-846F-5C6EF86E7FC4}.Debug|x64.Build.0 = Debug|x64
		{E998A047-1293-4D60-846F-5C6EF86E7FC4}.Debug|x86.ActiveCfg = Debug|Win32
		{E998A047-1293-4D60-846F-5C6EF86E7FC4}.Debug|x86.Build.0 = Debug|Win32
		{E998A047-1293-4D60-846F-5C6EF86E7FC4}.Release|x64.ActiveCfg = Release|x64
		{E998A047-1293-4D60-846F-5C6EF86E7FC4}.Release|x64.Build.0 = Release|x64
		{E998A047-1293-4D60-846F-5C6EF86E7FC4}.Release|x86.ActiveCfg = Release|Win32
		{E998A047-1293-4D60-846F-5C6EF86E7FC4}.Release|x86.Build.0 = Release|Win32
	EndGlobalSection
	GlobalSection(SolutionProperties) = preSolution
		HideSolutionNode = FALSE
	EndGlobalSection
	GlobalSection(ExtensibilityGlobals) = postSolution
		SolutionGuid = {2101FB0D-5351-4DA7-965B-0766E6C8EE4A}
	EndGlobalSection
EndGlobal
