
Microsoft Visual Studio Solution File, Format Version 12.00
# Visual Studio Version 16
VisualStudioVersion = 16.0.31205.134
MinimumVisualStudioVersion = 10.0.40219.1
Project("{8BC9CEB8-8B4A-11D0-8D11-00A0C91BC942}") = "ParenthesisCheck", "ParenthesisCheck\ParenthesisCheck.vcxproj", "{4D2836E6-7D6A-4EFA-8371-5CD8FAB9F584}"
EndProject
Global
	GlobalSection(SolutionConfigurationPlatforms) = preSolution
		Debug|x64 = Debug|x64
		Debug|x86 = Debug|x86
		Release|x64 = Release|x64
		Release|x86 = Release|x86
	EndGlobalSection
	GlobalSection(ProjectConfigurationPlatforms) = postSolution
		{4D2836E6-7D6A-4EFA-8371-5CD8FAB9F584}.Debug|x64.ActiveCfg = Debug|x64
		{4D2836E6-7D6A-4EFA-8371-5CD8FAB9F584}.Debug|x64.Build.0 = Debug|x64
		{4D2836E6-7D6A-4EFA-8371-5CD8FAB9F584}.Debug|x86.ActiveCfg = Debug|Win32
		{4D2836E6-7D6A-4EFA-8371-5CD8FAB9F584}.Debug|x86.Build.0 = Debug|Win32
		{4D2836E6-7D6A-4EFA-8371-5CD8FAB9F584}.Release|x64.ActiveCfg = Release|x64
		{4D2836E6-7D6A-4EFA-8371-5CD8FAB9F584}.Release|x64.Build.0 = Release|x64
		{4D2836E6-7D6A-4EFA-8371-5CD8FAB9F584}.Release|x86.ActiveCfg = Release|Win32
		{4D2836E6-7D6A-4EFA-8371-5CD8FAB9F584}.Release|x86.Build.0 = Release|Win32
	EndGlobalSection
	GlobalSection(SolutionProperties) = preSolution
		HideSolutionNode = FALSE
	EndGlobalSection
	GlobalSection(ExtensibilityGlobals) = postSolution
		SolutionGuid = {2101FB0D-5351-4DA7-965B-0766E6C8EE4A}
	EndGlobalSection
EndGlobal
