
Microsoft Visual Studio Solution File, Format Version 12.00
# Visual Studio Version 16
VisualStudioVersion = 16.0.31205.134
MinimumVisualStudioVersion = 10.0.40219.1
Project("{FAE04EC0-301F-11D3-BF4B-00C04F79EFBC}") = "maintenance", "maintenance\maintenance.csproj", "{3E88947C-0031-4E78-BDC5-CE197F9CF2D0}"
EndProject
Global
	GlobalSection(SolutionConfigurationPlatforms) = preSolution
		Debug|Any CPU = Debug|Any CPU
		Release|Any CPU = Release|Any CPU
	EndGlobalSection
	GlobalSection(ProjectConfigurationPlatforms) = postSolution
		{3E88947C-0031-4E78-BDC5-CE197F9CF2D0}.Debug|Any CPU.ActiveCfg = Debug|Any CPU
		{3E88947C-0031-4E78-BDC5-CE197F9CF2D0}.Debug|Any CPU.Build.0 = Debug|Any CPU
		{3E88947C-0031-4E78-BDC5-CE197F9CF2D0}.Release|Any CPU.ActiveCfg = Release|Any CPU
		{3E88947C-0031-4E78-BDC5-CE197F9CF2D0}.Release|Any CPU.Build.0 = Release|Any CPU
	EndGlobalSection
	GlobalSection(SolutionProperties) = preSolution
		HideSolutionNode = FALSE
	EndGlobalSection
	GlobalSection(ExtensibilityGlobals) = postSolution
		SolutionGuid = {55742634-2504-4FDF-BCA9-255393E889F5}
	EndGlobalSection
EndGlobal
